
Microsoft Visual Studio Solution File, Format Version 12.00
# Visual Studio Version 16
VisualStudioVersion = 16.0.30309.148
MinimumVisualStudioVersion = 10.0.40219.1
Project("{FAE04EC0-301F-11D3-BF4B-00C04F79EFBC}") = "RCS_25.07", "RCS_25.07.csproj", "{8DB53956-A0C2-41FB-BFBC-65E5B0DE78B4}"
EndProject
Global
	GlobalSection(SolutionConfigurationPlatforms) = preSolution
		Debug|Any CPU = Debug|Any CPU
		Release|Any CPU = Release|Any CPU
	EndGlobalSection
	GlobalSection(ProjectConfigurationPlatforms) = postSolution
		{8DB53956-A0C2-41FB-BFBC-65E5B0DE78B4}.Debug|Any CPU.ActiveCfg = Debug|Any CPU
		{8DB53956-A0C2-41FB-BFBC-65E5B0DE78B4}.Debug|Any CPU.Build.0 = Debug|Any CPU
		{8DB53956-A0C2-41FB-BFBC-65E5B0DE78B4}.Release|Any CPU.ActiveCfg = Release|Any CPU
		{8DB53956-A0C2-41FB-BFBC-65E5B0DE78B4}.Release|Any CPU.Build.0 = Release|Any CPU
	EndGlobalSection
	GlobalSection(SolutionProperties) = preSolution
		HideSolutionNode = FALSE
	EndGlobalSection
	GlobalSection(ExtensibilityGlobals) = postSolution
		SolutionGuid = {08515CC4-41BD-4629-BB26-67FD546784F3}
	EndGlobalSection
EndGlobal
