
Microsoft Visual Studio Solution File, Format Version 12.00
# Visual Studio Version 16
VisualStudioVersion = 16.0.30309.148
MinimumVisualStudioVersion = 10.0.40219.1
Project("{FAE04EC0-301F-11D3-BF4B-00C04F79EFBC}") = "Day3", "Day3.csproj", "{FD6D6EB6-4B14-43D1-B8CB-B3A2550EF1A6}"
EndProject
Global
	GlobalSection(SolutionConfigurationPlatforms) = preSolution
		Debug|Any CPU = Debug|Any CPU
		Release|Any CPU = Release|Any CPU
	EndGlobalSection
	GlobalSection(ProjectConfigurationPlatforms) = postSolution
		{FD6D6EB6-4B14-43D1-B8CB-B3A2550EF1A6}.Debug|Any CPU.ActiveCfg = Debug|Any CPU
		{FD6D6EB6-4B14-43D1-B8CB-B3A2550EF1A6}.Debug|Any CPU.Build.0 = Debug|Any CPU
		{FD6D6EB6-4B14-43D1-B8CB-B3A2550EF1A6}.Release|Any CPU.ActiveCfg = Release|Any CPU
		{FD6D6EB6-4B14-43D1-B8CB-B3A2550EF1A6}.Release|Any CPU.Build.0 = Release|Any CPU
	EndGlobalSection
	GlobalSection(SolutionProperties) = preSolution
		HideSolutionNode = FALSE
	EndGlobalSection
	GlobalSection(ExtensibilityGlobals) = postSolution
		SolutionGuid = {5E405DD3-9AF8-4FFF-97F0-7D7F6B71C8C4}
	EndGlobalSection
EndGlobal
