
Microsoft Visual Studio Solution File, Format Version 12.00
# Visual Studio Version 16
VisualStudioVersion = 16.0.30309.148
MinimumVisualStudioVersion = 10.0.40219.1
Project("{FAE04EC0-301F-11D3-BF4B-00C04F79EFBC}") = "arrcompare", "arrcompare.csproj", "{F9E7B7DB-FEE8-4C43-B40F-9D9BE7E6348A}"
EndProject
Global
	GlobalSection(SolutionConfigurationPlatforms) = preSolution
		Debug|Any CPU = Debug|Any CPU
		Release|Any CPU = Release|Any CPU
	EndGlobalSection
	GlobalSection(ProjectConfigurationPlatforms) = postSolution
		{F9E7B7DB-FEE8-4C43-B40F-9D9BE7E6348A}.Debug|Any CPU.ActiveCfg = Debug|Any CPU
		{F9E7B7DB-FEE8-4C43-B40F-9D9BE7E6348A}.Debug|Any CPU.Build.0 = Debug|Any CPU
		{F9E7B7DB-FEE8-4C43-B40F-9D9BE7E6348A}.Release|Any CPU.ActiveCfg = Release|Any CPU
		{F9E7B7DB-FEE8-4C43-B40F-9D9BE7E6348A}.Release|Any CPU.Build.0 = Release|Any CPU
	EndGlobalSection
	GlobalSection(SolutionProperties) = preSolution
		HideSolutionNode = FALSE
	EndGlobalSection
	GlobalSection(ExtensibilityGlobals) = postSolution
		SolutionGuid = {C799600A-07F6-4D8B-855C-42185AC09CE1}
	EndGlobalSection
EndGlobal
