
Microsoft Visual Studio Solution File, Format Version 12.00
# Visual Studio Version 16
VisualStudioVersion = 16.0.30309.148
MinimumVisualStudioVersion = 10.0.40219.1
Project("{FAE04EC0-301F-11D3-BF4B-00C04F79EFBC}") = "Day2_variables", "Day2_variables.csproj", "{8A173BEC-9F71-4F4B-8297-77D1DDC335B4}"
EndProject
Global
	GlobalSection(SolutionConfigurationPlatforms) = preSolution
		Debug|Any CPU = Debug|Any CPU
		Release|Any CPU = Release|Any CPU
	EndGlobalSection
	GlobalSection(ProjectConfigurationPlatforms) = postSolution
		{8A173BEC-9F71-4F4B-8297-77D1DDC335B4}.Debug|Any CPU.ActiveCfg = Debug|Any CPU
		{8A173BEC-9F71-4F4B-8297-77D1DDC335B4}.Debug|Any CPU.Build.0 = Debug|Any CPU
		{8A173BEC-9F71-4F4B-8297-77D1DDC335B4}.Release|Any CPU.ActiveCfg = Release|Any CPU
		{8A173BEC-9F71-4F4B-8297-77D1DDC335B4}.Release|Any CPU.Build.0 = Release|Any CPU
	EndGlobalSection
	GlobalSection(SolutionProperties) = preSolution
		HideSolutionNode = FALSE
	EndGlobalSection
	GlobalSection(ExtensibilityGlobals) = postSolution
		SolutionGuid = {A338697B-1B35-4692-A647-7A5F7A2CAEA4}
	EndGlobalSection
EndGlobal
