
Microsoft Visual Studio Solution File, Format Version 12.00
# Visual Studio Version 16
VisualStudioVersion = 16.0.30309.148
MinimumVisualStudioVersion = 10.0.40219.1
Project("{FAE04EC0-301F-11D3-BF4B-00C04F79EFBC}") = "day9_objects", "day9_objects.csproj", "{A62B61F6-2EB6-4827-965D-824F8784788D}"
EndProject
Global
	GlobalSection(SolutionConfigurationPlatforms) = preSolution
		Debug|Any CPU = Debug|Any CPU
		Release|Any CPU = Release|Any CPU
	EndGlobalSection
	GlobalSection(ProjectConfigurationPlatforms) = postSolution
		{A62B61F6-2EB6-4827-965D-824F8784788D}.Debug|Any CPU.ActiveCfg = Debug|Any CPU
		{A62B61F6-2EB6-4827-965D-824F8784788D}.Debug|Any CPU.Build.0 = Debug|Any CPU
		{A62B61F6-2EB6-4827-965D-824F8784788D}.Release|Any CPU.ActiveCfg = Release|Any CPU
		{A62B61F6-2EB6-4827-965D-824F8784788D}.Release|Any CPU.Build.0 = Release|Any CPU
	EndGlobalSection
	GlobalSection(SolutionProperties) = preSolution
		HideSolutionNode = FALSE
	EndGlobalSection
	GlobalSection(ExtensibilityGlobals) = postSolution
		SolutionGuid = {90C5FD73-67A2-4136-8342-CE001563E8AD}
	EndGlobalSection
EndGlobal
