
Microsoft Visual Studio Solution File, Format Version 12.00
# Visual Studio Version 16
VisualStudioVersion = 16.0.30309.148
MinimumVisualStudioVersion = 10.0.40219.1
Project("{FAE04EC0-301F-11D3-BF4B-00C04F79EFBC}") = "RCS_2707", "RCS_2707.csproj", "{55513B44-5EE9-48B6-8B34-D2F0E06D5F19}"
EndProject
Global
	GlobalSection(SolutionConfigurationPlatforms) = preSolution
		Debug|Any CPU = Debug|Any CPU
		Release|Any CPU = Release|Any CPU
	EndGlobalSection
	GlobalSection(ProjectConfigurationPlatforms) = postSolution
		{55513B44-5EE9-48B6-8B34-D2F0E06D5F19}.Debug|Any CPU.ActiveCfg = Debug|Any CPU
		{55513B44-5EE9-48B6-8B34-D2F0E06D5F19}.Debug|Any CPU.Build.0 = Debug|Any CPU
		{55513B44-5EE9-48B6-8B34-D2F0E06D5F19}.Release|Any CPU.ActiveCfg = Release|Any CPU
		{55513B44-5EE9-48B6-8B34-D2F0E06D5F19}.Release|Any CPU.Build.0 = Release|Any CPU
	EndGlobalSection
	GlobalSection(SolutionProperties) = preSolution
		HideSolutionNode = FALSE
	EndGlobalSection
	GlobalSection(ExtensibilityGlobals) = postSolution
		SolutionGuid = {C7129C30-D931-4F37-8409-6BA71822DA76}
	EndGlobalSection
EndGlobal
